<Solution>
  <Folder Name="/src/">
    <Project Path="src/Nexis.Kernel/Nexis.Kernel.csproj" />
    <Project Path="src/Nexis.Core.Contracts/Nexis.Core.Contracts.csproj" />
    <Project Path="src/Nexis.Core/Nexis.Core.csproj" />
    <Project Path="src/Nexis.Content.Contracts/Nexis.Content.Contracts.csproj" />
    <Project Path="src/Nexis.Content.Registry/Nexis.Content.Registry.csproj" />
    <Project Path="src/Nexis.Items.Contracts/Nexis.Items.Contracts.csproj" />
    <Project Path="src/Nexis.Inventory.Contracts/Nexis.Inventory.Contracts.csproj" />
    <Project Path="src/Nexis.Equipment.Contracts/Nexis.Equipment.Contracts.csproj" />
    <Project Path="src/Nexis.Combat.Contracts/Nexis.Combat.Contracts.csproj" />
    <Project Path="src/Nexis.Modules.Equipment/Nexis.Modules.Equipment.csproj" />
    <Project Path="src/Nexis.Identity.Contracts/Nexis.Identity.Contracts.csproj" />
    <Project Path="src/Nexis.Modules.Identity/Nexis.Modules.Identity.csproj" />
    <Project Path="src/Nexis.Audit.Contracts/Nexis.Audit.Contracts.csproj" />
    <Project Path="src/Nexis.Modules.Audit/Nexis.Modules.Audit.csproj" />
    <Project Path="src/Nexis.Execution.Contracts/Nexis.Execution.Contracts.csproj" />
    <Project Path="src/Nexis.Execution/Nexis.Execution.csproj" />
    <Project Path="src/Nexis.Eventing.Contracts/Nexis.Eventing.Contracts.csproj" />
    <Project Path="src/Nexis.Persistence.Postgres/Nexis.Persistence.Postgres.csproj" />
    <Project Path="src/Nexis.Host.Api/Nexis.Host.Api.csproj" />
  </Folder>
  <Folder Name="/tests/">
    <Project Path="tests/Nexis.Architecture.Tests/Nexis.Architecture.Tests.csproj" />
    <Project Path="tests/Nexis.Persistence.Postgres.Tests/Nexis.Persistence.Postgres.Tests.csproj" />
  </Folder>
</Solution>
