<Solution>
  <Folder Name="/src/">
    <Project Path="src/Nexis.Kernel/Nexis.Kernel.csproj" />
    <Project Path="src/Nexis.Core/Nexis.Core.csproj" />
    <Project Path="src/Nexis.Modules.Identity/Nexis.Modules.Identity.csproj" />
    <Project Path="src/Nexis.Modules.Audit/Nexis.Modules.Audit.csproj" />
    <Project Path="src/Nexis.Host.Api/Nexis.Host.Api.csproj" />
  </Folder>
  <Folder Name="/tests/">
    <Project Path="tests/Nexis.Architecture.Tests/Nexis.Architecture.Tests.csproj" />
  </Folder>
</Solution>
